
Microsoft Visual Studio Solution File, Format Version 12.00
# Visual Studio 2012
Project("{FAE04EC0-301F-11D3-BF4B-00C04F79EFBC}") = "News.Biz", "News.Biz\News.Biz.csproj", "{4F9FCB43-B64A-4B30-9DA2-8FF301EBB5D5}"
EndProject
Project("{2150E333-8FDC-42A3-9474-1A3956D46DE8}") = "02.Biz", "02.Biz", "{DC443201-A707-4E60-AE77-6FEE4EF5FD2D}"
EndProject
Project("{2150E333-8FDC-42A3-9474-1A3956D46DE8}") = "03.DataAccess", "03.DataAccess", "{7C979D9D-E262-4753-9DAF-CEFF2224DA59}"
EndProject
Project("{2150E333-8FDC-42A3-9474-1A3956D46DE8}") = "01.Service", "01.Service", "{46424C4A-8833-4AE7-88B1-AF9A17DEF0DE}"
EndProject
Project("{FAE04EC0-301F-11D3-BF4B-00C04F79EFBC}") = "News.Service.Model", "News.Service.Model\News.Service.Model.csproj", "{47ABE109-597B-40B1-9864-8D4A328157AA}"
EndProject
Project("{FAE04EC0-301F-11D3-BF4B-00C04F79EFBC}") = "News.DataAccess.Interfaces", "News.DataAccess.Interfaces\News.DataAccess.Interfaces.csproj", "{9A82F22E-6308-405F-B560-23B3F931F08C}"
EndProject
Project("{FAE04EC0-301F-11D3-BF4B-00C04F79EFBC}") = "News.DataAccess.Model", "News.DataAccess.Model\News.DataAccess.Model.csproj", "{0D301584-0134-40DD-A2FA-81BAE1B2F35D}"
EndProject
Project("{FAE04EC0-301F-11D3-BF4B-00C04F79EFBC}") = "News.Service", "News.Service\News.Service.csproj", "{0BEBD5E4-19E3-4725-94A9-58646CC008BC}"
EndProject
Project("{FAE04EC0-301F-11D3-BF4B-00C04F79EFBC}") = "News.Biz.Interfaces", "News.Biz.Interfaces\News.Biz.Interfaces.csproj", "{D4DD9F11-E858-44C8-9603-8FE52E057FA6}"
EndProject
Project("{FAE04EC0-301F-11D3-BF4B-00C04F79EFBC}") = "News.Service.Tests", "News.Service.Tests\News.Service.Tests.csproj", "{EA24A6CB-B049-49F1-9997-BB4A71998B4D}"
EndProject
Project("{FAE04EC0-301F-11D3-BF4B-00C04F79EFBC}") = "News.Biz.Tests", "News.Biz.Tests\News.Biz.Tests.csproj", "{32235F4D-E2DD-48B0-886B-FDCB95B56F27}"
EndProject
Project("{FAE04EC0-301F-11D3-BF4B-00C04F79EFBC}") = "News.DataAccess.Tests", "News.DataAccess.Tests\News.DataAccess.Tests.csproj", "{4B6E433A-3BBE-4ABB-84E7-0D0BE2659FF6}"
EndProject
Project("{FAE04EC0-301F-11D3-BF4B-00C04F79EFBC}") = "News.Common", "News.Common\News.Common.csproj", "{4BBD492A-9FAB-45D3-957B-00E396DF517F}"
EndProject
Project("{FAE04EC0-301F-11D3-BF4B-00C04F79EFBC}") = "News.Common.Interfaces", "News.Common.Interfaces\News.Common.Interfaces.csproj", "{9AA06382-9CF3-4325-868E-68C9342BFB02}"
EndProject
Project("{FAE04EC0-301F-11D3-BF4B-00C04F79EFBC}") = "News.Common.Tests", "News.Common.Tests\News.Common.Tests.csproj", "{46C8628E-3BCF-4CBB-8A43-188C5330CB17}"
EndProject
Global
	GlobalSection(SolutionConfigurationPlatforms) = preSolution
		Debug|Any CPU = Debug|Any CPU
		Release|Any CPU = Release|Any CPU
	EndGlobalSection
	GlobalSection(ProjectConfigurationPlatforms) = postSolution
		{4F9FCB43-B64A-4B30-9DA2-8FF301EBB5D5}.Debug|Any CPU.ActiveCfg = Debug|Any CPU
		{4F9FCB43-B64A-4B30-9DA2-8FF301EBB5D5}.Debug|Any CPU.Build.0 = Debug|Any CPU
		{4F9FCB43-B64A-4B30-9DA2-8FF301EBB5D5}.Release|Any CPU.ActiveCfg = Release|Any CPU
		{4F9FCB43-B64A-4B30-9DA2-8FF301EBB5D5}.Release|Any CPU.Build.0 = Release|Any CPU
		{47ABE109-597B-40B1-9864-8D4A328157AA}.Debug|Any CPU.ActiveCfg = Debug|Any CPU
		{47ABE109-597B-40B1-9864-8D4A328157AA}.Debug|Any CPU.Build.0 = Debug|Any CPU
		{47ABE109-597B-40B1-9864-8D4A328157AA}.Release|Any CPU.ActiveCfg = Release|Any CPU
		{47ABE109-597B-40B1-9864-8D4A328157AA}.Release|Any CPU.Build.0 = Release|Any CPU
		{9A82F22E-6308-405F-B560-23B3F931F08C}.Debug|Any CPU.ActiveCfg = Debug|Any CPU
		{9A82F22E-6308-405F-B560-23B3F931F08C}.Debug|Any CPU.Build.0 = Debug|Any CPU
		{9A82F22E-6308-405F-B560-23B3F931F08C}.Release|Any CPU.ActiveCfg = Release|Any CPU
		{9A82F22E-6308-405F-B560-23B3F931F08C}.Release|Any CPU.Build.0 = Release|Any CPU
		{0D301584-0134-40DD-A2FA-81BAE1B2F35D}.Debug|Any CPU.ActiveCfg = Debug|Any CPU
		{0D301584-0134-40DD-A2FA-81BAE1B2F35D}.Debug|Any CPU.Build.0 = Debug|Any CPU
		{0D301584-0134-40DD-A2FA-81BAE1B2F35D}.Release|Any CPU.ActiveCfg = Release|Any CPU
		{0D301584-0134-40DD-A2FA-81BAE1B2F35D}.Release|Any CPU.Build.0 = Release|Any CPU
		{0BEBD5E4-19E3-4725-94A9-58646CC008BC}.Debug|Any CPU.ActiveCfg = Debug|Any CPU
		{0BEBD5E4-19E3-4725-94A9-58646CC008BC}.Debug|Any CPU.Build.0 = Debug|Any CPU
		{0BEBD5E4-19E3-4725-94A9-58646CC008BC}.Release|Any CPU.ActiveCfg = Release|Any CPU
		{0BEBD5E4-19E3-4725-94A9-58646CC008BC}.Release|Any CPU.Build.0 = Release|Any CPU
		{D4DD9F11-E858-44C8-9603-8FE52E057FA6}.Debug|Any CPU.ActiveCfg = Debug|Any CPU
		{D4DD9F11-E858-44C8-9603-8FE52E057FA6}.Debug|Any CPU.Build.0 = Debug|Any CPU
		{D4DD9F11-E858-44C8-9603-8FE52E057FA6}.Release|Any CPU.ActiveCfg = Release|Any CPU
		{D4DD9F11-E858-44C8-9603-8FE52E057FA6}.Release|Any CPU.Build.0 = Release|Any CPU
		{EA24A6CB-B049-49F1-9997-BB4A71998B4D}.Debug|Any CPU.ActiveCfg = Debug|Any CPU
		{EA24A6CB-B049-49F1-9997-BB4A71998B4D}.Debug|Any CPU.Build.0 = Debug|Any CPU
		{EA24A6CB-B049-49F1-9997-BB4A71998B4D}.Release|Any CPU.ActiveCfg = Release|Any CPU
		{EA24A6CB-B049-49F1-9997-BB4A71998B4D}.Release|Any CPU.Build.0 = Release|Any CPU
		{32235F4D-E2DD-48B0-886B-FDCB95B56F27}.Debug|Any CPU.ActiveCfg = Debug|Any CPU
		{32235F4D-E2DD-48B0-886B-FDCB95B56F27}.Debug|Any CPU.Build.0 = Debug|Any CPU
		{32235F4D-E2DD-48B0-886B-FDCB95B56F27}.Release|Any CPU.ActiveCfg = Release|Any CPU
		{32235F4D-E2DD-48B0-886B-FDCB95B56F27}.Release|Any CPU.Build.0 = Release|Any CPU
		{4B6E433A-3BBE-4ABB-84E7-0D0BE2659FF6}.Debug|Any CPU.ActiveCfg = Debug|Any CPU
		{4B6E433A-3BBE-4ABB-84E7-0D0BE2659FF6}.Debug|Any CPU.Build.0 = Debug|Any CPU
		{4B6E433A-3BBE-4ABB-84E7-0D0BE2659FF6}.Release|Any CPU.ActiveCfg = Release|Any CPU
		{4B6E433A-3BBE-4ABB-84E7-0D0BE2659FF6}.Release|Any CPU.Build.0 = Release|Any CPU
		{4BBD492A-9FAB-45D3-957B-00E396DF517F}.Debug|Any CPU.ActiveCfg = Debug|Any CPU
		{4BBD492A-9FAB-45D3-957B-00E396DF517F}.Debug|Any CPU.Build.0 = Debug|Any CPU
		{4BBD492A-9FAB-45D3-957B-00E396DF517F}.Release|Any CPU.ActiveCfg = Release|Any CPU
		{4BBD492A-9FAB-45D3-957B-00E396DF517F}.Release|Any CPU.Build.0 = Release|Any CPU
		{9AA06382-9CF3-4325-868E-68C9342BFB02}.Debug|Any CPU.ActiveCfg = Debug|Any CPU
		{9AA06382-9CF3-4325-868E-68C9342BFB02}.Debug|Any CPU.Build.0 = Debug|Any CPU
		{9AA06382-9CF3-4325-868E-68C9342BFB02}.Release|Any CPU.ActiveCfg = Release|Any CPU
		{9AA06382-9CF3-4325-868E-68C9342BFB02}.Release|Any CPU.Build.0 = Release|Any CPU
		{46C8628E-3BCF-4CBB-8A43-188C5330CB17}.Debug|Any CPU.ActiveCfg = Debug|Any CPU
		{46C8628E-3BCF-4CBB-8A43-188C5330CB17}.Debug|Any CPU.Build.0 = Debug|Any CPU
		{46C8628E-3BCF-4CBB-8A43-188C5330CB17}.Release|Any CPU.ActiveCfg = Release|Any CPU
		{46C8628E-3BCF-4CBB-8A43-188C5330CB17}.Release|Any CPU.Build.0 = Release|Any CPU
	EndGlobalSection
	GlobalSection(SolutionProperties) = preSolution
		HideSolutionNode = FALSE
	EndGlobalSection
	GlobalSection(NestedProjects) = preSolution
		{4F9FCB43-B64A-4B30-9DA2-8FF301EBB5D5} = {DC443201-A707-4E60-AE77-6FEE4EF5FD2D}
		{D4DD9F11-E858-44C8-9603-8FE52E057FA6} = {DC443201-A707-4E60-AE77-6FEE4EF5FD2D}
		{32235F4D-E2DD-48B0-886B-FDCB95B56F27} = {DC443201-A707-4E60-AE77-6FEE4EF5FD2D}
		{9A82F22E-6308-405F-B560-23B3F931F08C} = {7C979D9D-E262-4753-9DAF-CEFF2224DA59}
		{0D301584-0134-40DD-A2FA-81BAE1B2F35D} = {7C979D9D-E262-4753-9DAF-CEFF2224DA59}
		{4B6E433A-3BBE-4ABB-84E7-0D0BE2659FF6} = {7C979D9D-E262-4753-9DAF-CEFF2224DA59}
		{47ABE109-597B-40B1-9864-8D4A328157AA} = {46424C4A-8833-4AE7-88B1-AF9A17DEF0DE}
		{0BEBD5E4-19E3-4725-94A9-58646CC008BC} = {46424C4A-8833-4AE7-88B1-AF9A17DEF0DE}
		{EA24A6CB-B049-49F1-9997-BB4A71998B4D} = {46424C4A-8833-4AE7-88B1-AF9A17DEF0DE}
	EndGlobalSection
EndGlobal
